Microsoft Visual Studio Solution File, Format Version 12.00
# Visual Studio Version 17
VisualStudioVersion = 17.0.31717.71
MinimumVisualStudioVersion = 10.0.40219.1
Project("{9A19103F-16F7-4668-BE54-9A1E7A4F7556}") = "Boda_BlazorWASM_PowerAutomate", "Boda_BlazorWASM_PowerAutomate.csproj", "{97BEB321-63E7-45D9-A173-D83E62C9C865}"
EndProject
Global
	GlobalSection(SolutionConfigurationPlatforms) = preSolution
		Debug|Any CPU = Debug|Any CPU
		Release|Any CPU = Release|Any CPU
	EndGlobalSection
	GlobalSection(ProjectConfigurationPlatforms) = postSolution
		{97BEB321-63E7-45D9-A173-D83E62C9C865}.Debug|Any CPU.ActiveCfg = Debug|Any CPU
		{97BEB321-63E7-45D9-A173-D83E62C9C865}.Debug|Any CPU.Build.0 = Debug|Any CPU
		{97BEB321-63E7-45D9-A173-D83E62C9C865}.Release|Any CPU.ActiveCfg = Release|Any CPU
		{97BEB321-63E7-45D9-A173-D83E62C9C865}.Release|Any CPU.Build.0 = Release|Any CPU
	EndGlobalSection
	GlobalSection(SolutionProperties) = preSolution
		HideSolutionNode = FALSE
	EndGlobalSection
	GlobalSection(ExtensibilityGlobals) = postSolution
		SolutionGuid = {78B47F2A-3935-4545-BD28-ABFA0C6852EE}
	EndGlobalSection
EndGlobal
